// !$*UTF8*$!
{
	archiveVersion = 1;
	classes = {
	};
	objectVersion = 56;
	objects = {

/* Begin PBXBuildFile section */
		8F167D012EFC455A0053AAAA /* AccountSetupView.swift in Sources */ = {isa = PBXBuildFile; fileRef = 8F167CFE2EFC455A0053AAAA /* AccountSetupView.swift */; };
		8F167D022EFC455A0053AAAA /* AccountSettingsView.swift in Sources */ = {isa = PBXBuildFile; fileRef = 8F167CFD2EFC455A0053AAAA /* AccountSettingsView.swift */; };
		8F167D1B2EFC467D0053AAAA /* EmailStorage.swift in Sources */ = {isa = PBXBuildFile; fileRef = 8F167D132EFC467D0053AAAA /* EmailStorage.swift */; };
		8F167D1C2EFC467D0053AAAA /* IMAPHandlers.swift in Sources */ = {isa = PBXBuildFile; fileRef = 8F167D092EFC467D0053AAAA /* IMAPHandlers.swift */; };
		8F167D1D2EFC467D0053AAAA /* Account.swift in Sources */ = {isa = PBXBuildFile; fileRef = 8F167D162EFC467D0053AAAA /* Account.swift */; };
		8F167D1E2EFC467D0053AAAA /* Attachment.swift in Sources */ = {isa = PBXBuildFile; fileRef = 8F167D172EFC467D0053AAAA /* Attachment.swift */; };
		8F167D1F2EFC467D0053AAAA /* IMAPClientTest.swift in Sources */ = {isa = PBXBuildFile; fileRef = 8F167D082EFC467D0053AAAA /* IMAPClientTest.swift */; };
		8F167D202EFC467D0053AAAA /* Folder.swift in Sources */ = {isa = PBXBuildFile; fileRef = 8F167D182EFC467D0053AAAA /* Folder.swift */; };
		8F167D212EFC467D0053AAAA /* EmailParser.swift in Sources */ = {isa = PBXBuildFile; fileRef = 8F167D122EFC467D0053AAAA /* EmailParser.swift */; };
		8F167D222EFC467D0053AAAA /* Message.swift in Sources */ = {isa = PBXBuildFile; fileRef = 8F167D192EFC467D0053AAAA /* Message.swift */; };
		8F167D232EFC467D0053AAAA /* IMAPClient.swift in Sources */ = {isa = PBXBuildFile; fileRef = 8F167D072EFC467D0053AAAA /* IMAPClient.swift */; };
		8F167D242EFC467D0053AAAA /* IMAPTypes.swift in Sources */ = {isa = PBXBuildFile; fileRef = 8F167D0B2EFC467D0053AAAA /* IMAPTypes.swift */; };
		8F167D252EFC467D0053AAAA /* SMTPHandlers.swift in Sources */ = {isa = PBXBuildFile; fileRef = 8F167D102EFC467D0053AAAA /* SMTPHandlers.swift */; };
		8F167D262EFC467D0053AAAA /* MIMEMessageBuilder.swift in Sources */ = {isa = PBXBuildFile; fileRef = 8F167D0D2EFC467D0053AAAA /* MIMEMessageBuilder.swift */; };
		8F167D272EFC467D0053AAAA /* PECHandler.swift in Sources */ = {isa = PBXBuildFile; fileRef = 8F167D142EFC467D0053AAAA /* PECHandler.swift */; };
		8F167D282EFC467D0053AAAA /* AccountManager.swift in Sources */ = {isa = PBXBuildFile; fileRef = 8F167D032EFC467D0053AAAA /* AccountManager.swift */; };
		8F167D292EFC467D0053AAAA /* IMAPResponseCollector.swift in Sources */ = {isa = PBXBuildFile; fileRef = 8F167D0A2EFC467D0053AAAA /* IMAPResponseCollector.swift */; };
		8F167D2A2EFC467D0053AAAA /* SMTPClientTest.swift in Sources */ = {isa = PBXBuildFile; fileRef = 8F167D0F2EFC467D0053AAAA /* SMTPClientTest.swift */; };
		8F167D2B2EFC467D0053AAAA /* SMTPClient.swift in Sources */ = {isa = PBXBuildFile; fileRef = 8F167D0E2EFC467D0053AAAA /* SMTPClient.swift */; };
		8F167D2C2EFC467D0053AAAA /* AccountPreset.swift in Sources */ = {isa = PBXBuildFile; fileRef = 8F167D042EFC467D0053AAAA /* AccountPreset.swift */; };
		8F167D342EFC468F0053AAAA /* ConfigurationManager.swift in Sources */ = {isa = PBXBuildFile; fileRef = 8F167D312EFC468F0053AAAA /* ConfigurationManager.swift */; };
		8F167D352EFC468F0053AAAA /* KeychainManager.swift in Sources */ = {isa = PBXBuildFile; fileRef = 8F167D322EFC468F0053AAAA /* KeychainManager.swift */; };
		8F167D362EFC468F0053AAAA /* Logger.swift in Sources */ = {isa = PBXBuildFile; fileRef = 8F167D332EFC468F0053AAAA /* Logger.swift */; };
		8F167D372EFC468F0053AAAA /* AppError.swift in Sources */ = {isa = PBXBuildFile; fileRef = 8F167D302EFC468F0053AAAA /* AppError.swift */; };
		8F167D392EFCEAEF0053AAAA /* MainView.swift in Sources */ = {isa = PBXBuildFile; fileRef = 8F167D382EFCEAEF0053AAAA /* MainView.swift */; };
		8FBA757F2EFEC2E10003079C /* TestData.swift in Sources */ = {isa = PBXBuildFile; fileRef = 8FBA757E2EFEC2E10003079C /* TestData.swift */; };
		8FBA75812EFEC98C0003079C /* IMAPTestView.swift in Sources */ = {isa = PBXBuildFile; fileRef = 8FBA75802EFEC98C0003079C /* IMAPTestView.swift */; };
		8FE8C4AF2EFCEF5600889A71 /* MessageListView.swift in Sources */ = {isa = PBXBuildFile; fileRef = 8FE8C4AC2EFCEF5600889A71 /* MessageListView.swift */; };
		8FE8C4B02EFCEF5600889A71 /* SidebarView.swift in Sources */ = {isa = PBXBuildFile; fileRef = 8FE8C4AD2EFCEF5600889A71 /* SidebarView.swift */; };
		8FE8C4B12EFCEF5600889A71 /* MessageDetailView.swift in Sources */ = {isa = PBXBuildFile; fileRef = 8FE8C4AB2EFCEF5600889A71 /* MessageDetailView.swift */; };
		8FFDF2AE2EFE01C900100B3C /* MessageRow.swift in Sources */ = {isa = PBXBuildFile; fileRef = 8FFDF2AD2EFE01C900100B3C /* MessageRow.swift */; };
		A10000001 /* MailForgeApp.swift in Sources */ = {isa = PBXBuildFile; fileRef = A20000001 /* MailForgeApp.swift */; };
		A10000002 /* ContentView.swift in Sources */ = {isa = PBXBuildFile; fileRef = A20000002 /* ContentView.swift */; };
		A10000003 /* Assets.xcassets in Resources */ = {isa = PBXBuildFile; fileRef = A20000003 /* Assets.xcassets */; };
		A10000010 /* Colors.swift in Sources */ = {isa = PBXBuildFile; fileRef = A20000010 /* Colors.swift */; };
		A10000011 /* Typography.swift in Sources */ = {isa = PBXBuildFile; fileRef = A20000011 /* Typography.swift */; };
		A10000012 /* Spacing.swift in Sources */ = {isa = PBXBuildFile; fileRef = A20000012 /* Spacing.swift */; };
		A10000020 /* DSButton.swift in Sources */ = {isa = PBXBuildFile; fileRef = A20000020 /* DSButton.swift */; };
		A10000021 /* DSTextField.swift in Sources */ = {isa = PBXBuildFile; fileRef = A20000021 /* DSTextField.swift */; };
		A10000022 /* DSCard.swift in Sources */ = {isa = PBXBuildFile; fileRef = A20000022 /* DSCard.swift */; };
		A10000030 /* NIO in Frameworks */ = {isa = PBXBuildFile; productRef = A30000030 /* NIO */; };
		A10000031 /* NIOCore in Frameworks */ = {isa = PBXBuildFile; productRef = A30000031 /* NIOCore */; };
		A10000032 /* NIOPosix in Frameworks */ = {isa = PBXBuildFile; productRef = A30000032 /* NIOPosix */; };
		A10000033 /* NIOSSL in Frameworks */ = {isa = PBXBuildFile; productRef = A30000033 /* NIOSSL */; };
/* End PBXBuildFile section */

/* Begin PBXFileReference section */
		8F167CFD2EFC455A0053AAAA /* AccountSettingsView.swift */ = {isa = PBXFileReference; lastKnownFileType = sourcecode.swift; path = AccountSettingsView.swift; sourceTree = "<group>"; };
		8F167CFE2EFC455A0053AAAA /* AccountSetupView.swift */ = {isa = PBXFileReference; lastKnownFileType = sourcecode.swift; path = AccountSetupView.swift; sourceTree = "<group>"; };
		8F167D032EFC467D0053AAAA /* AccountManager.swift */ = {isa = PBXFileReference; lastKnownFileType = sourcecode.swift; path = AccountManager.swift; sourceTree = "<group>"; };
		8F167D042EFC467D0053AAAA /* AccountPreset.swift */ = {isa = PBXFileReference; lastKnownFileType = sourcecode.swift; path = AccountPreset.swift; sourceTree = "<group>"; };
		8F167D072EFC467D0053AAAA /* IMAPClient.swift */ = {isa = PBXFileReference; lastKnownFileType = sourcecode.swift; path = IMAPClient.swift; sourceTree = "<group>"; };
		8F167D082EFC467D0053AAAA /* IMAPClientTest.swift */ = {isa = PBXFileReference; lastKnownFileType = sourcecode.swift; path = IMAPClientTest.swift; sourceTree = "<group>"; };
		8F167D092EFC467D0053AAAA /* IMAPHandlers.swift */ = {isa = PBXFileReference; lastKnownFileType = sourcecode.swift; path = IMAPHandlers.swift; sourceTree = "<group>"; };
		8F167D0A2EFC467D0053AAAA /* IMAPResponseCollector.swift */ = {isa = PBXFileReference; lastKnownFileType = sourcecode.swift; path = IMAPResponseCollector.swift; sourceTree = "<group>"; };
		8F167D0B2EFC467D0053AAAA /* IMAPTypes.swift */ = {isa = PBXFileReference; lastKnownFileType = sourcecode.swift; path = IMAPTypes.swift; sourceTree = "<group>"; };
		8F167D0D2EFC467D0053AAAA /* MIMEMessageBuilder.swift */ = {isa = PBXFileReference; lastKnownFileType = sourcecode.swift; path = MIMEMessageBuilder.swift; sourceTree = "<group>"; };
		8F167D0E2EFC467D0053AAAA /* SMTPClient.swift */ = {isa = PBXFileReference; lastKnownFileType = sourcecode.swift; path = SMTPClient.swift; sourceTree = "<group>"; };
		8F167D0F2EFC467D0053AAAA /* SMTPClientTest.swift */ = {isa = PBXFileReference; lastKnownFileType = sourcecode.swift; path = SMTPClientTest.swift; sourceTree = "<group>"; };
		8F167D102EFC467D0053AAAA /* SMTPHandlers.swift */ = {isa = PBXFileReference; lastKnownFileType = sourcecode.swift; path = SMTPHandlers.swift; sourceTree = "<group>"; };
		8F167D122EFC467D0053AAAA /* EmailParser.swift */ = {isa = PBXFileReference; lastKnownFileType = sourcecode.swift; path = EmailParser.swift; sourceTree = "<group>"; };
		8F167D132EFC467D0053AAAA /* EmailStorage.swift */ = {isa = PBXFileReference; lastKnownFileType = sourcecode.swift; path = EmailStorage.swift; sourceTree = "<group>"; };
		8F167D142EFC467D0053AAAA /* PECHandler.swift */ = {isa = PBXFileReference; lastKnownFileType = sourcecode.swift; path = PECHandler.swift; sourceTree = "<group>"; };
		8F167D162EFC467D0053AAAA /* Account.swift */ = {isa = PBXFileReference; lastKnownFileType = sourcecode.swift; path = Account.swift; sourceTree = "<group>"; };
		8F167D172EFC467D0053AAAA /* Attachment.swift */ = {isa = PBXFileReference; lastKnownFileType = sourcecode.swift; path = Attachment.swift; sourceTree = "<group>"; };
		8F167D182EFC467D0053AAAA /* Folder.swift */ = {isa = PBXFileReference; lastKnownFileType = sourcecode.swift; path = Folder.swift; sourceTree = "<group>"; };
		8F167D192EFC467D0053AAAA /* Message.swift */ = {isa = PBXFileReference; lastKnownFileType = sourcecode.swift; path = Message.swift; sourceTree = "<group>"; };
		8F167D302EFC468F0053AAAA /* AppError.swift */ = {isa = PBXFileReference; lastKnownFileType = sourcecode.swift; path = AppError.swift; sourceTree = "<group>"; };
		8F167D312EFC468F0053AAAA /* ConfigurationManager.swift */ = {isa = PBXFileReference; lastKnownFileType = sourcecode.swift; path = ConfigurationManager.swift; sourceTree = "<group>"; };
		8F167D322EFC468F0053AAAA /* KeychainManager.swift */ = {isa = PBXFileReference; lastKnownFileType = sourcecode.swift; path = KeychainManager.swift; sourceTree = "<group>"; };
		8F167D332EFC468F0053AAAA /* Logger.swift */ = {isa = PBXFileReference; lastKnownFileType = sourcecode.swift; path = Logger.swift; sourceTree = "<group>"; };
		8F167D382EFCEAEF0053AAAA /* MainView.swift */ = {isa = PBXFileReference; lastKnownFileType = sourcecode.swift; path = MainView.swift; sourceTree = "<group>"; };
		8FBA757E2EFEC2E10003079C /* TestData.swift */ = {isa = PBXFileReference; lastKnownFileType = sourcecode.swift; path = TestData.swift; sourceTree = "<group>"; };
		8FBA75802EFEC98C0003079C /* IMAPTestView.swift */ = {isa = PBXFileReference; lastKnownFileType = sourcecode.swift; path = IMAPTestView.swift; sourceTree = "<group>"; };
		8FE8C4AB2EFCEF5600889A71 /* MessageDetailView.swift */ = {isa = PBXFileReference; lastKnownFileType = sourcecode.swift; path = MessageDetailView.swift; sourceTree = "<group>"; };
		8FE8C4AC2EFCEF5600889A71 /* MessageListView.swift */ = {isa = PBXFileReference; lastKnownFileType = sourcecode.swift; path = MessageListView.swift; sourceTree = "<group>"; };
		8FE8C4AD2EFCEF5600889A71 /* SidebarView.swift */ = {isa = PBXFileReference; lastKnownFileType = sourcecode.swift; path = SidebarView.swift; sourceTree = "<group>"; };
		8FFDF2AD2EFE01C900100B3C /* MessageRow.swift */ = {isa = PBXFileReference; lastKnownFileType = sourcecode.swift; path = MessageRow.swift; sourceTree = "<group>"; };
		A00000001 /* MailForge.app */ = {isa = PBXFileReference; explicitFileType = wrapper.application; includeInIndex = 0; path = MailForge.app; sourceTree = BUILT_PRODUCTS_DIR; };
		A20000001 /* MailForgeApp.swift */ = {isa = PBXFileReference; lastKnownFileType = sourcecode.swift; path = MailForgeApp.swift; sourceTree = "<group>"; };
		A20000002 /* ContentView.swift */ = {isa = PBXFileReference; lastKnownFileType = sourcecode.swift; path = ContentView.swift; sourceTree = "<group>"; };
		A20000003 /* Assets.xcassets */ = {isa = PBXFileReference; lastKnownFileType = folder.assetcatalog; path = Assets.xcassets; sourceTree = "<group>"; };
		A20000004 /* MailForge.entitlements */ = {isa = PBXFileReference; lastKnownFileType = text.plist.entitlements; path = MailForge.entitlements; sourceTree = "<group>"; };
		A20000010 /* Colors.swift */ = {isa = PBXFileReference; lastKnownFileType = sourcecode.swift; path = Colors.swift; sourceTree = "<group>"; };
		A20000011 /* Typography.swift */ = {isa = PBXFileReference; lastKnownFileType = sourcecode.swift; path = Typography.swift; sourceTree = "<group>"; };
		A20000012 /* Spacing.swift */ = {isa = PBXFileReference; lastKnownFileType = sourcecode.swift; path = Spacing.swift; sourceTree = "<group>"; };
		A20000020 /* DSButton.swift */ = {isa = PBXFileReference; lastKnownFileType = sourcecode.swift; path = DSButton.swift; sourceTree = "<group>"; };
		A20000021 /* DSTextField.swift */ = {isa = PBXFileReference; lastKnownFileType = sourcecode.swift; path = DSTextField.swift; sourceTree = "<group>"; };
		A20000022 /* DSCard.swift */ = {isa = PBXFileReference; lastKnownFileType = sourcecode.swift; path = DSCard.swift; sourceTree = "<group>"; };
/* End PBXFileReference section */

/* Begin PBXFrameworksBuildPhase section */
		A40000001 /* Frameworks */ = {
			isa = PBXFrameworksBuildPhase;
			buildActionMask = 2147483647;
			files = (
				A10000030 /* NIO in Frameworks */,
				A10000031 /* NIOCore in Frameworks */,
				A10000032 /* NIOPosix in Frameworks */,
				A10000033 /* NIOSSL in Frameworks */,
			);
			runOnlyForDeploymentPostprocessing = 0;
		};
/* End PBXFrameworksBuildPhase section */

/* Begin PBXGroup section */
		8F167CFF2EFC455A0053AAAA /* Account */ = {
			isa = PBXGroup;
			children = (
				8F167CFD2EFC455A0053AAAA /* AccountSettingsView.swift */,
				8F167CFE2EFC455A0053AAAA /* AccountSetupView.swift */,
			);
			path = Account;
			sourceTree = "<group>";
		};
		8F167D002EFC455A0053AAAA /* Views */ = {
			isa = PBXGroup;
			children = (
				8FE8C4AE2EFCEF5600889A71 /* Email */,
				8F167D382EFCEAEF0053AAAA /* MainView.swift */,
				8F167CFF2EFC455A0053AAAA /* Account */,
			);
			path = Views;
			sourceTree = "<group>";
		};
		8F167D052EFC467D0053AAAA /* Account */ = {
			isa = PBXGroup;
			children = (
				8F167D032EFC467D0053AAAA /* AccountManager.swift */,
				8F167D042EFC467D0053AAAA /* AccountPreset.swift */,
			);
			path = Account;
			sourceTree = "<group>";
		};
		8F167D062EFC467D0053AAAA /* Data */ = {
			isa = PBXGroup;
			children = (
			);
			path = Data;
			sourceTree = "<group>";
		};
		8F167D0C2EFC467D0053AAAA /* IMAP */ = {
			isa = PBXGroup;
			children = (
				8F167D072EFC467D0053AAAA /* IMAPClient.swift */,
				8F167D082EFC467D0053AAAA /* IMAPClientTest.swift */,
				8F167D092EFC467D0053AAAA /* IMAPHandlers.swift */,
				8F167D0A2EFC467D0053AAAA /* IMAPResponseCollector.swift */,
				8F167D0B2EFC467D0053AAAA /* IMAPTypes.swift */,
			);
			path = IMAP;
			sourceTree = "<group>";
		};
		8F167D112EFC467D0053AAAA /* SMTP */ = {
			isa = PBXGroup;
			children = (
				8F167D0D2EFC467D0053AAAA /* MIMEMessageBuilder.swift */,
				8F167D0E2EFC467D0053AAAA /* SMTPClient.swift */,
				8F167D0F2EFC467D0053AAAA /* SMTPClientTest.swift */,
				8F167D102EFC467D0053AAAA /* SMTPHandlers.swift */,
			);
			path = SMTP;
			sourceTree = "<group>";
		};
		8F167D152EFC467D0053AAAA /* Email */ = {
			isa = PBXGroup;
			children = (
				8F167D0C2EFC467D0053AAAA /* IMAP */,
				8F167D112EFC467D0053AAAA /* SMTP */,
				8F167D122EFC467D0053AAAA /* EmailParser.swift */,
				8F167D132EFC467D0053AAAA /* EmailStorage.swift */,
				8F167D142EFC467D0053AAAA /* PECHandler.swift */,
			);
			path = Email;
			sourceTree = "<group>";
		};
		8F167D1A2EFC467D0053AAAA /* Models */ = {
			isa = PBXGroup;
			children = (
				8F167D162EFC467D0053AAAA /* Account.swift */,
				8F167D172EFC467D0053AAAA /* Attachment.swift */,
				8F167D182EFC467D0053AAAA /* Folder.swift */,
				8F167D192EFC467D0053AAAA /* Message.swift */,
			);
			path = Models;
			sourceTree = "<group>";
		};
		8F167D2D2EFC46850053AAAA /* Composer */ = {
			isa = PBXGroup;
			children = (
			);
			path = Composer;
			sourceTree = "<group>";
		};
		8F167D2E2EFC46850053AAAA /* Inbox */ = {
			isa = PBXGroup;
			children = (
			);
			path = Inbox;
			sourceTree = "<group>";
		};
		8F167D2F2EFC46850053AAAA /* Settings */ = {
			isa = PBXGroup;
			children = (
			);
			path = Settings;
			sourceTree = "<group>";
		};
		8FE8C4AE2EFCEF5600889A71 /* Email */ = {
			isa = PBXGroup;
			children = (
				8FE8C4AB2EFCEF5600889A71 /* MessageDetailView.swift */,
				8FE8C4AC2EFCEF5600889A71 /* MessageListView.swift */,
				8FE8C4AD2EFCEF5600889A71 /* SidebarView.swift */,
			);
			path = Email;
			sourceTree = "<group>";
		};
		A50000000 = {
			isa = PBXGroup;
			children = (
				A50000001 /* MailForge */,
				A50000002 /* Products */,
			);
			sourceTree = "<group>";
		};
		A50000001 /* MailForge */ = {
			isa = PBXGroup;
			children = (
				A50000010 /* App */,
				A50000011 /* UI */,
				A50000012 /* Core */,
				A50000013 /* Features */,
				A50000014 /* Utils */,
				A20000003 /* Assets.xcassets */,
				A20000004 /* MailForge.entitlements */,
			);
			path = MailForge;
			sourceTree = "<group>";
		};
		A50000002 /* Products */ = {
			isa = PBXGroup;
			children = (
				A00000001 /* MailForge.app */,
			);
			name = Products;
			sourceTree = "<group>";
		};
		A50000010 /* App */ = {
			isa = PBXGroup;
			children = (
				A20000001 /* MailForgeApp.swift */,
				A20000002 /* ContentView.swift */,
			);
			path = App;
			sourceTree = "<group>";
		};
		A50000011 /* UI */ = {
			isa = PBXGroup;
			children = (
				8F167D002EFC455A0053AAAA /* Views */,
				A50000020 /* DesignSystem */,
				A50000021 /* Components */,
			);
			path = UI;
			sourceTree = "<group>";
		};
		A50000012 /* Core */ = {
			isa = PBXGroup;
			children = (
				8F167D052EFC467D0053AAAA /* Account */,
				8F167D062EFC467D0053AAAA /* Data */,
				8F167D152EFC467D0053AAAA /* Email */,
				8F167D1A2EFC467D0053AAAA /* Models */,
			);
			path = Core;
			sourceTree = "<group>";
		};
		A50000013 /* Features */ = {
			isa = PBXGroup;
			children = (
				8F167D2D2EFC46850053AAAA /* Composer */,
				8F167D2E2EFC46850053AAAA /* Inbox */,
				8F167D2F2EFC46850053AAAA /* Settings */,
			);
			path = Features;
			sourceTree = "<group>";
		};
		A50000014 /* Utils */ = {
			isa = PBXGroup;
			children = (
				8FBA75802EFEC98C0003079C /* IMAPTestView.swift */,
				8FBA757E2EFEC2E10003079C /* TestData.swift */,
				8F167D302EFC468F0053AAAA /* AppError.swift */,
				8F167D312EFC468F0053AAAA /* ConfigurationManager.swift */,
				8F167D322EFC468F0053AAAA /* KeychainManager.swift */,
				8F167D332EFC468F0053AAAA /* Logger.swift */,
			);
			path = Utils;
			sourceTree = "<group>";
		};
		A50000020 /* DesignSystem */ = {
			isa = PBXGroup;
			children = (
				A20000010 /* Colors.swift */,
				A20000011 /* Typography.swift */,
				A20000012 /* Spacing.swift */,
			);
			path = DesignSystem;
			sourceTree = "<group>";
		};
		A50000021 /* Components */ = {
			isa = PBXGroup;
			children = (
				8FFDF2AD2EFE01C900100B3C /* MessageRow.swift */,
				A20000020 /* DSButton.swift */,
				A20000021 /* DSTextField.swift */,
				A20000022 /* DSCard.swift */,
			);
			path = Components;
			sourceTree = "<group>";
		};
/* End PBXGroup section */

/* Begin PBXNativeTarget section */
		A60000001 /* MailForge */ = {
			isa = PBXNativeTarget;
			buildConfigurationList = A70000001 /* Build configuration list for PBXNativeTarget "MailForge" */;
			buildPhases = (
				A80000001 /* Sources */,
				A40000001 /* Frameworks */,
				A90000001 /* Resources */,
			);
			buildRules = (
			);
			dependencies = (
			);
			name = MailForge;
			packageProductDependencies = (
				A30000030 /* NIO */,
				A30000031 /* NIOCore */,
				A30000032 /* NIOPosix */,
				A30000033 /* NIOSSL */,
			);
			productName = MailForge;
			productReference = A00000001 /* MailForge.app */;
			productType = "com.apple.product-type.application";
		};
/* End PBXNativeTarget section */

/* Begin PBXProject section */
		B00000001 /* Project object */ = {
			isa = PBXProject;
			attributes = {
				BuildIndependentTargetsInParallel = 1;
				LastSwiftUpdateCheck = 1520;
				LastUpgradeCheck = 2620;
				TargetAttributes = {
					A60000001 = {
						CreatedOnToolsVersion = 15.2;
					};
				};
			};
			buildConfigurationList = B10000001 /* Build configuration list for PBXProject "MailForge" */;
			compatibilityVersion = "Xcode 14.0";
			developmentRegion = en;
			hasScannedForEncodings = 0;
			knownRegions = (
				en,
				Base,
			);
			mainGroup = A50000000;
			packageReferences = (
				A30000040 /* XCRemoteSwiftPackageReference "swift-nio" */,
				A30000041 /* XCRemoteSwiftPackageReference "swift-nio-ssl" */,
			);
			productRefGroup = A50000002 /* Products */;
			projectDirPath = "";
			projectRoot = "";
			targets = (
				A60000001 /* MailForge */,
			);
		};
/* End PBXProject section */

/* Begin PBXResourcesBuildPhase section */
		A90000001 /* Resources */ = {
			isa = PBXResourcesBuildPhase;
			buildActionMask = 2147483647;
			files = (
				A10000003 /* Assets.xcassets in Resources */,
			);
			runOnlyForDeploymentPostprocessing = 0;
		};
/* End PBXResourcesBuildPhase section */

/* Begin PBXSourcesBuildPhase section */
		A80000001 /* Sources */ = {
			isa = PBXSourcesBuildPhase;
			buildActionMask = 2147483647;
			files = (
				A10000002 /* ContentView.swift in Sources */,
				8F167D342EFC468F0053AAAA /* ConfigurationManager.swift in Sources */,
				8F167D352EFC468F0053AAAA /* KeychainManager.swift in Sources */,
				8F167D362EFC468F0053AAAA /* Logger.swift in Sources */,
				8F167D372EFC468F0053AAAA /* AppError.swift in Sources */,
				A10000001 /* MailForgeApp.swift in Sources */,
				A10000010 /* Colors.swift in Sources */,
				8F167D392EFCEAEF0053AAAA /* MainView.swift in Sources */,
				A10000011 /* Typography.swift in Sources */,
				8FBA75812EFEC98C0003079C /* IMAPTestView.swift in Sources */,
				A10000012 /* Spacing.swift in Sources */,
				A10000020 /* DSButton.swift in Sources */,
				A10000021 /* DSTextField.swift in Sources */,
				8FE8C4AF2EFCEF5600889A71 /* MessageListView.swift in Sources */,
				8FBA757F2EFEC2E10003079C /* TestData.swift in Sources */,
				8FE8C4B02EFCEF5600889A71 /* SidebarView.swift in Sources */,
				8FE8C4B12EFCEF5600889A71 /* MessageDetailView.swift in Sources */,
				A10000022 /* DSCard.swift in Sources */,
				8F167D1B2EFC467D0053AAAA /* EmailStorage.swift in Sources */,
				8F167D1C2EFC467D0053AAAA /* IMAPHandlers.swift in Sources */,
				8F167D1D2EFC467D0053AAAA /* Account.swift in Sources */,
				8F167D1E2EFC467D0053AAAA /* Attachment.swift in Sources */,
				8F167D1F2EFC467D0053AAAA /* IMAPClientTest.swift in Sources */,
				8F167D202EFC467D0053AAAA /* Folder.swift in Sources */,
				8F167D212EFC467D0053AAAA /* EmailParser.swift in Sources */,
				8F167D222EFC467D0053AAAA /* Message.swift in Sources */,
				8F167D232EFC467D0053AAAA /* IMAPClient.swift in Sources */,
				8F167D242EFC467D0053AAAA /* IMAPTypes.swift in Sources */,
				8F167D252EFC467D0053AAAA /* SMTPHandlers.swift in Sources */,
				8F167D262EFC467D0053AAAA /* MIMEMessageBuilder.swift in Sources */,
				8F167D272EFC467D0053AAAA /* PECHandler.swift in Sources */,
				8F167D282EFC467D0053AAAA /* AccountManager.swift in Sources */,
				8F167D292EFC467D0053AAAA /* IMAPResponseCollector.swift in Sources */,
				8F167D2A2EFC467D0053AAAA /* SMTPClientTest.swift in Sources */,
				8F167D2B2EFC467D0053AAAA /* SMTPClient.swift in Sources */,
				8F167D2C2EFC467D0053AAAA /* AccountPreset.swift in Sources */,
				8F167D012EFC455A0053AAAA /* AccountSetupView.swift in Sources */,
				8FFDF2AE2EFE01C900100B3C /* MessageRow.swift in Sources */,
				8F167D022EFC455A0053AAAA /* AccountSettingsView.swift in Sources */,
			);
			runOnlyForDeploymentPostprocessing = 0;
		};
/* End PBXSourcesBuildPhase section */

/* Begin XCBuildConfiguration section */
		C00000001 /* Debug */ = {
			isa = XCBuildConfiguration;
			buildSettings = {
				ALWAYS_SEARCH_USER_PATHS = NO;
				ASSETCATALOG_COMPILER_GENERATE_SWIFT_ASSET_SYMBOL_EXTENSIONS = YES;
				CLANG_ANALYZER_NONNULL = YES;
				CLANG_ANALYZER_NUMBER_OBJECT_CONVERSION = YES_AGGRESSIVE;
				CLANG_CXX_LANGUAGE_STANDARD = "gnu++20";
				CLANG_ENABLE_MODULES = YES;
				CLANG_ENABLE_OBJC_ARC = YES;
				CLANG_ENABLE_OBJC_WEAK = YES;
				CLANG_WARN_BLOCK_CAPTURE_AUTORELEASING = YES;
				CLANG_WARN_BOOL_CONVERSION = YES;
				CLANG_WARN_COMMA = YES;
				CLANG_WARN_CONSTANT_CONVERSION = YES;
				CLANG_WARN_DEPRECATED_OBJC_IMPLEMENTATIONS = YES;
				CLANG_WARN_DIRECT_OBJC_ISA_USAGE = YES_ERROR;
				CLANG_WARN_DOCUMENTATION_COMMENTS = YES;
				CLANG_WARN_EMPTY_BODY = YES;
				CLANG_WARN_ENUM_CONVERSION = YES;
				CLANG_WARN_INFINITE_RECURSION = YES;
				CLANG_WARN_INT_CONVERSION = YES;
				CLANG_WARN_NON_LITERAL_NULL_CONVERSION = YES;
				CLANG_WARN_OBJC_IMPLICIT_RETAIN_SELF = YES;
				CLANG_WARN_OBJC_LITERAL_CONVERSION = YES;
				CLANG_WARN_OBJC_ROOT_CLASS = YES_ERROR;
				CLANG_WARN_QUOTED_INCLUDE_IN_FRAMEWORK_HEADER = YES;
				CLANG_WARN_RANGE_LOOP_ANALYSIS = YES;
				CLANG_WARN_STRICT_PROTOTYPES = YES;
				CLANG_WARN_SUSPICIOUS_MOVE = YES;
				CLANG_WARN_UNGUARDED_AVAILABILITY = YES_AGGRESSIVE;
				CLANG_WARN_UNREACHABLE_CODE = YES;
				CLANG_WARN__DUPLICATE_METHOD_MATCH = YES;
				COPY_PHASE_STRIP = NO;
				DEAD_CODE_STRIPPING = YES;
				DEBUG_INFORMATION_FORMAT = dwarf;
				ENABLE_STRICT_OBJC_MSGSEND = YES;
				ENABLE_TESTABILITY = YES;
				ENABLE_USER_SCRIPT_SANDBOXING = YES;
				GCC_C_LANGUAGE_STANDARD = gnu17;
				GCC_DYNAMIC_NO_PIC = NO;
				GCC_NO_COMMON_BLOCKS = YES;
				GCC_OPTIMIZATION_LEVEL = 0;
				GCC_PREPROCESSOR_DEFINITIONS = (
					"DEBUG=1",
					"$(inherited)",
				);
				GCC_WARN_64_TO_32_BIT_CONVERSION = YES;
				GCC_WARN_ABOUT_RETURN_TYPE = YES_ERROR;
				GCC_WARN_UNDECLARED_SELECTOR = YES;
				GCC_WARN_UNINITIALIZED_AUTOS = YES_AGGRESSIVE;
				GCC_WARN_UNUSED_FUNCTION = YES;
				GCC_WARN_UNUSED_VARIABLE = YES;
				LOCALIZATION_PREFERS_STRING_CATALOGS = YES;
				MACOSX_DEPLOYMENT_TARGET = 14.0;
				MTL_ENABLE_DEBUG_INFO = INCLUDE_SOURCE;
				MTL_FAST_MATH = YES;
				ONLY_ACTIVE_ARCH = YES;
				SDKROOT = macosx;
				STRING_CATALOG_GENERATE_SYMBOLS = YES;
				SWIFT_ACTIVE_COMPILATION_CONDITIONS = "DEBUG $(inherited)";
				SWIFT_OPTIMIZATION_LEVEL = "-Onone";
			};
			name = Debug;
		};
		C00000002 /* Release */ = {
			isa = XCBuildConfiguration;
			buildSettings = {
				ALWAYS_SEARCH_USER_PATHS = NO;
				ASSETCATALOG_COMPILER_GENERATE_SWIFT_ASSET_SYMBOL_EXTENSIONS = YES;
				CLANG_ANALYZER_NONNULL = YES;
				CLANG_ANALYZER_NUMBER_OBJECT_CONVERSION = YES_AGGRESSIVE;
				CLANG_CXX_LANGUAGE_STANDARD = "gnu++20";
				CLANG_ENABLE_MODULES = YES;
				CLANG_ENABLE_OBJC_ARC = YES;
				CLANG_ENABLE_OBJC_WEAK = YES;
				CLANG_WARN_BLOCK_CAPTURE_AUTORELEASING = YES;
				CLANG_WARN_BOOL_CONVERSION = YES;
				CLANG_WARN_COMMA = YES;
				CLANG_WARN_CONSTANT_CONVERSION = YES;
				CLANG_WARN_DEPRECATED_OBJC_IMPLEMENTATIONS = YES;
				CLANG_WARN_DIRECT_OBJC_ISA_USAGE = YES_ERROR;
				CLANG_WARN_DOCUMENTATION_COMMENTS = YES;
				CLANG_WARN_EMPTY_BODY = YES;
				CLANG_WARN_ENUM_CONVERSION = YES;
				CLANG_WARN_INFINITE_RECURSION = YES;
				CLANG_WARN_INT_CONVERSION = YES;
				CLANG_WARN_NON_LITERAL_NULL_CONVERSION = YES;
				CLANG_WARN_OBJC_IMPLICIT_RETAIN_SELF = YES;
				CLANG_WARN_OBJC_LITERAL_CONVERSION = YES;
				CLANG_WARN_OBJC_ROOT_CLASS = YES_ERROR;
				CLANG_WARN_QUOTED_INCLUDE_IN_FRAMEWORK_HEADER = YES;
				CLANG_WARN_RANGE_LOOP_ANALYSIS = YES;
				CLANG_WARN_STRICT_PROTOTYPES = YES;
				CLANG_WARN_SUSPICIOUS_MOVE = YES;
				CLANG_WARN_UNGUARDED_AVAILABILITY = YES_AGGRESSIVE;
				CLANG_WARN_UNREACHABLE_CODE = YES;
				CLANG_WARN__DUPLICATE_METHOD_MATCH = YES;
				COPY_PHASE_STRIP = NO;
				DEAD_CODE_STRIPPING = YES;
				DEBUG_INFORMATION_FORMAT = "dwarf-with-dsym";
				ENABLE_NS_ASSERTIONS = NO;
				ENABLE_STRICT_OBJC_MSGSEND = YES;
				ENABLE_USER_SCRIPT_SANDBOXING = YES;
				GCC_C_LANGUAGE_STANDARD = gnu17;
				GCC_NO_COMMON_BLOCKS = YES;
				GCC_WARN_64_TO_32_BIT_CONVERSION = YES;
				GCC_WARN_ABOUT_RETURN_TYPE = YES_ERROR;
				GCC_WARN_UNDECLARED_SELECTOR = YES;
				GCC_WARN_UNINITIALIZED_AUTOS = YES_AGGRESSIVE;
				GCC_WARN_UNUSED_FUNCTION = YES;
				GCC_WARN_UNUSED_VARIABLE = YES;
				LOCALIZATION_PREFERS_STRING_CATALOGS = YES;
				MACOSX_DEPLOYMENT_TARGET = 14.0;
				MTL_ENABLE_DEBUG_INFO = NO;
				MTL_FAST_MATH = YES;
				SDKROOT = macosx;
				STRING_CATALOG_GENERATE_SYMBOLS = YES;
				SWIFT_COMPILATION_MODE = wholemodule;
			};
			name = Release;
		};
		C10000001 /* Debug */ = {
			isa = XCBuildConfiguration;
			buildSettings = {
				ASSETCATALOG_COMPILER_APPICON_NAME = AppIcon;
				ASSETCATALOG_COMPILER_GLOBAL_ACCENT_COLOR_NAME = AccentColor;
				CODE_SIGN_ENTITLEMENTS = MailForge/MailForge.entitlements;
				CODE_SIGN_STYLE = Automatic;
				COMBINE_HIDPI_IMAGES = YES;
				CURRENT_PROJECT_VERSION = 1;
				DEAD_CODE_STRIPPING = YES;
				DEVELOPMENT_TEAM = "";
				ENABLE_APP_SANDBOX = YES;
				ENABLE_DEBUG_DYLIB = YES;
				ENABLE_HARDENED_RUNTIME = YES;
				ENABLE_OUTGOING_NETWORK_CONNECTIONS = YES;
				ENABLE_PREVIEWS = YES;
				ENABLE_USER_SELECTED_FILES = readwrite;
				GENERATE_INFOPLIST_FILE = YES;
				INFOPLIST_KEY_CFBundleDisplayName = MailForge;
				INFOPLIST_KEY_LSApplicationCategoryType = "public.app-category.productivity";
				INFOPLIST_KEY_NSHumanReadableCopyright = "";
				LD_RUNPATH_SEARCH_PATHS = (
					"$(inherited)",
					"@executable_path/../Frameworks",
				);
				MARKETING_VERSION = 1.0;
				PRODUCT_BUNDLE_IDENTIFIER = com.mailforge.app;
				PRODUCT_NAME = "$(TARGET_NAME)";
				SWIFT_EMIT_LOC_STRINGS = YES;
				SWIFT_VERSION = 6.0;
			};
			name = Debug;
		};
		C10000002 /* Release */ = {
			isa = XCBuildConfiguration;
			buildSettings = {
				ASSETCATALOG_COMPILER_APPICON_NAME = AppIcon;
				ASSETCATALOG_COMPILER_GLOBAL_ACCENT_COLOR_NAME = AccentColor;
				CODE_SIGN_ENTITLEMENTS = MailForge/MailForge.entitlements;
				CODE_SIGN_STYLE = Automatic;
				COMBINE_HIDPI_IMAGES = YES;
				CURRENT_PROJECT_VERSION = 1;
				DEAD_CODE_STRIPPING = YES;
				DEVELOPMENT_TEAM = "";
				ENABLE_APP_SANDBOX = YES;
				ENABLE_DEBUG_DYLIB = YES;
				ENABLE_HARDENED_RUNTIME = YES;
				ENABLE_OUTGOING_NETWORK_CONNECTIONS = YES;
				ENABLE_PREVIEWS = YES;
				ENABLE_USER_SELECTED_FILES = readwrite;
				GENERATE_INFOPLIST_FILE = YES;
				INFOPLIST_KEY_CFBundleDisplayName = MailForge;
				INFOPLIST_KEY_LSApplicationCategoryType = "public.app-category.productivity";
				INFOPLIST_KEY_NSHumanReadableCopyright = "";
				LD_RUNPATH_SEARCH_PATHS = (
					"$(inherited)",
					"@executable_path/../Frameworks",
				);
				MARKETING_VERSION = 1.0;
				PRODUCT_BUNDLE_IDENTIFIER = com.mailforge.app;
				PRODUCT_NAME = "$(TARGET_NAME)";
				SWIFT_EMIT_LOC_STRINGS = YES;
				SWIFT_VERSION = 6.0;
			};
			name = Release;
		};
/* End XCBuildConfiguration section */

/* Begin XCConfigurationList section */
		A70000001 /* Build configuration list for PBXNativeTarget "MailForge" */ = {
			isa = XCConfigurationList;
			buildConfigurations = (
				C10000001 /* Debug */,
				C10000002 /* Release */,
			);
			defaultConfigurationIsVisible = 0;
			defaultConfigurationName = Release;
		};
		B10000001 /* Build configuration list for PBXProject "MailForge" */ = {
			isa = XCConfigurationList;
			buildConfigurations = (
				C00000001 /* Debug */,
				C00000002 /* Release */,
			);
			defaultConfigurationIsVisible = 0;
			defaultConfigurationName = Release;
		};
/* End XCConfigurationList section */

/* Begin XCRemoteSwiftPackageReference section */
		A30000040 /* XCRemoteSwiftPackageReference "swift-nio" */ = {
			isa = XCRemoteSwiftPackageReference;
			repositoryURL = "https://github.com/apple/swift-nio.git";
			requirement = {
				kind = upToNextMajorVersion;
				minimumVersion = 2.65.0;
			};
		};
		A30000041 /* XCRemoteSwiftPackageReference "swift-nio-ssl" */ = {
			isa = XCRemoteSwiftPackageReference;
			repositoryURL = "https://github.com/apple/swift-nio-ssl.git";
			requirement = {
				kind = upToNextMajorVersion;
				minimumVersion = 2.26.0;
			};
		};
/* End XCRemoteSwiftPackageReference section */

/* Begin XCSwiftPackageProductDependency section */
		A30000030 /* NIO */ = {
			isa = XCSwiftPackageProductDependency;
			package = A30000040 /* XCRemoteSwiftPackageReference "swift-nio" */;
			productName = NIO;
		};
		A30000031 /* NIOCore */ = {
			isa = XCSwiftPackageProductDependency;
			package = A30000040 /* XCRemoteSwiftPackageReference "swift-nio" */;
			productName = NIOCore;
		};
		A30000032 /* NIOPosix */ = {
			isa = XCSwiftPackageProductDependency;
			package = A30000040 /* XCRemoteSwiftPackageReference "swift-nio" */;
			productName = NIOPosix;
		};
		A30000033 /* NIOSSL */ = {
			isa = XCSwiftPackageProductDependency;
			package = A30000041 /* XCRemoteSwiftPackageReference "swift-nio-ssl" */;
			productName = NIOSSL;
		};
/* End XCSwiftPackageProductDependency section */
	};
	rootObject = B00000001 /* Project object */;
}
